{
  "requires": true,
  "lockfileVersion": 1,
  "dependencies": {
    "@types/luxon": {
      "version": "1.27.1",
      "resolved": "https://registry.npmjs.org/@types/luxon/-/luxon-1.27.1.tgz",
      "integrity": "sha512-cPiXpOvPFDr2edMnOXlz3UBDApwUfR+cpizvxCy0n3vp9bz/qe8BWzHPIEFcy+ogUOyjKuCISgyq77ELZPmkkg==",
      "dev": true
    },
    "luxon": {
      "version": "2.0.1",
      "resolved": "https://registry.npmjs.org/luxon/-/luxon-2.0.1.tgz",
      "integrity": "sha512-8Eawf81c9ZlQj62W3eq4mp+C7SAIAnmaS7ZuEAiX503YMcn+0C1JnMQRtfaQj6B5qTZLgHv0F4H5WabBCvi1fw=="
    },
    "moment": {
      "version": "2.29.1",
      "resolved": "https://registry.npmjs.org/moment/-/moment-2.29.1.tgz",
      "integrity": "sha512-kHmoybcPV8Sqy59DwNDY3Jefr64lK/by/da0ViFcuA4DH0vQg5Q6Ze5VimxkfQNSC+Mls/Kx53s7TjP1RhFEDQ=="
    }
  }
}
